
Microsoft Visual Studio Solution File, Format Version 12.00
# Visual Studio Version 17
VisualStudioVersion = 17.8.34511.84
MinimumVisualStudioVersion = 10.0.40219.1
Project("{FAE04EC0-301F-11D3-BF4B-00C04F79EFBC}") = "Tutorial.AuthentificationAuthorization.Base", "Tutorial.Authentification.Service\Tutorial.AuthentificationAuthorization.Base.csproj", "{6E240BB1-1DAD-4FFD-9CEF-CD3543DE6150}"
EndProject
Project("{FAE04EC0-301F-11D3-BF4B-00C04F79EFBC}") = "Tutorial.AuthentificationAuthorization.Jwt.Authentification", "Tutorial.Authentification.Jwt\Tutorial.AuthentificationAuthorization.Jwt.Authentification.csproj", "{C92536EB-6F64-4380-AAA8-88286F2A08AB}"
EndProject
Project("{FAE04EC0-301F-11D3-BF4B-00C04F79EFBC}") = "Tutorial.AuthentificationAuthorization.Jwt.Authorization", "Tutorial.AuthentificationAuthorization.Jwt.Authorization\Tutorial.AuthentificationAuthorization.Jwt.Authorization.csproj", "{3F80D527-031A-4331-8178-9964D1C808F3}"
EndProject
Project("{FAE04EC0-301F-11D3-BF4B-00C04F79EFBC}") = "Tutorial.AuthentificationAuthorization.Coockie.Authorization", "Tutorial.AuthentificationAuthorization.Coockie.Authorization\Tutorial.AuthentificationAuthorization.Coockie.Authorization.csproj", "{A36E03E1-15F8-4B9D-9417-C7EFDEAD81AA}"
EndProject
Global
	GlobalSection(SolutionConfigurationPlatforms) = preSolution
		Debug|Any CPU = Debug|Any CPU
		Release|Any CPU = Release|Any CPU
	EndGlobalSection
	GlobalSection(ProjectConfigurationPlatforms) = postSolution
		{6E240BB1-1DAD-4FFD-9CEF-CD3543DE6150}.Debug|Any CPU.ActiveCfg = Debug|Any CPU
		{6E240BB1-1DAD-4FFD-9CEF-CD3543DE6150}.Debug|Any CPU.Build.0 = Debug|Any CPU
		{6E240BB1-1DAD-4FFD-9CEF-CD3543DE6150}.Release|Any CPU.ActiveCfg = Release|Any CPU
		{6E240BB1-1DAD-4FFD-9CEF-CD3543DE6150}.Release|Any CPU.Build.0 = Release|Any CPU
		{C92536EB-6F64-4380-AAA8-88286F2A08AB}.Debug|Any CPU.ActiveCfg = Debug|Any CPU
		{C92536EB-6F64-4380-AAA8-88286F2A08AB}.Debug|Any CPU.Build.0 = Debug|Any CPU
		{C92536EB-6F64-4380-AAA8-88286F2A08AB}.Release|Any CPU.ActiveCfg = Release|Any CPU
		{C92536EB-6F64-4380-AAA8-88286F2A08AB}.Release|Any CPU.Build.0 = Release|Any CPU
		{3F80D527-031A-4331-8178-9964D1C808F3}.Debug|Any CPU.ActiveCfg = Debug|Any CPU
		{3F80D527-031A-4331-8178-9964D1C808F3}.Debug|Any CPU.Build.0 = Debug|Any CPU
		{3F80D527-031A-4331-8178-9964D1C808F3}.Release|Any CPU.ActiveCfg = Release|Any CPU
		{3F80D527-031A-4331-8178-9964D1C808F3}.Release|Any CPU.Build.0 = Release|Any CPU
		{A36E03E1-15F8-4B9D-9417-C7EFDEAD81AA}.Debug|Any CPU.ActiveCfg = Debug|Any CPU
		{A36E03E1-15F8-4B9D-9417-C7EFDEAD81AA}.Debug|Any CPU.Build.0 = Debug|Any CPU
		{A36E03E1-15F8-4B9D-9417-C7EFDEAD81AA}.Release|Any CPU.ActiveCfg = Release|Any CPU
		{A36E03E1-15F8-4B9D-9417-C7EFDEAD81AA}.Release|Any CPU.Build.0 = Release|Any CPU
	EndGlobalSection
	GlobalSection(SolutionProperties) = preSolution
		HideSolutionNode = FALSE
	EndGlobalSection
	GlobalSection(ExtensibilityGlobals) = postSolution
		SolutionGuid = {80D5DB05-D7AE-41F2-A7FB-BFD4AACB87C1}
	EndGlobalSection
EndGlobal
